
Microsoft Visual Studio Solution File, Format Version 12.00
# Visual Studio 2012
Project("{FAE04EC0-301F-11D3-BF4B-00C04F79EFBC}") = "ExcelSyncTC", "ExcelSyncTC\ExcelSyncTC.csproj", "{F3FDF5B1-1594-48DD-B1C4-BB1384E91846}"
EndProject
Global
	GlobalSection(SolutionConfigurationPlatforms) = preSolution
		Debug|Any CPU = Debug|Any CPU
		Debug|x64 = Debug|x64
		Release|Any CPU = Release|Any CPU
		Release|x64 = Release|x64
	EndGlobalSection
	GlobalSection(ProjectConfigurationPlatforms) = postSolution
		{F3FDF5B1-1594-48DD-B1C4-BB1384E91846}.Debug|Any CPU.ActiveCfg = Debug|x64
		{F3FDF5B1-1594-48DD-B1C4-BB1384E91846}.Debug|Any CPU.Build.0 = Debug|x64
		{F3FDF5B1-1594-48DD-B1C4-BB1384E91846}.Debug|x64.ActiveCfg = Debug|x64
		{F3FDF5B1-1594-48DD-B1C4-BB1384E91846}.Debug|x64.Build.0 = Debug|x64
		{F3FDF5B1-1594-48DD-B1C4-BB1384E91846}.Release|Any CPU.ActiveCfg = Release|Any CPU
		{F3FDF5B1-1594-48DD-B1C4-BB1384E91846}.Release|Any CPU.Build.0 = Release|Any CPU
		{F3FDF5B1-1594-48DD-B1C4-BB1384E91846}.Release|x64.ActiveCfg = Release|x64
		{F3FDF5B1-1594-48DD-B1C4-BB1384E91846}.Release|x64.Build.0 = Release|x64
	EndGlobalSection
	GlobalSection(SolutionProperties) = preSolution
		HideSolutionNode = FALSE
	EndGlobalSection
EndGlobal
